
Microsoft Visual Studio Solution File, Format Version 12.00
# Visual Studio Version 17
VisualStudioVersion = 17.8.34330.188
MinimumVisualStudioVersion = 10.0.40219.1
Project("{9A19103F-16F7-4668-BE54-9A1E7A4F7556}") = "AlgoRythmMaze.API", "AlgoRythmMaze.API.csproj", "{EC771436-BB64-4325-A9F7-F5718941685E}"
EndProject
Project("{9A19103F-16F7-4668-BE54-9A1E7A4F7556}") = "AlgoRythmMaze.Infrastructure", "..\AlgoRythmMaze.Data\AlgoRythmMaze.Infrastructure.csproj", "{ACE61B61-94AC-4634-AE33-52006954A386}"
EndProject
Project("{9A19103F-16F7-4668-BE54-9A1E7A4F7556}") = "AlgoRythmMaze.Domain", "..\AlgoRythmMaze.Domain\AlgoRythmMaze.Domain.csproj", "{23A19E71-FEF4-49DF-AF96-3A605532BF59}"
EndProject
Project("{9A19103F-16F7-4668-BE54-9A1E7A4F7556}") = "AlgoRythmMaze.Application", "..\AlgoRythmMaze.Application\AlgoRythmMaze.Application.csproj", "{9CB077C9-CF27-4A1A-93AE-96D3744D7D40}"
EndProject
Project("{FAE04EC0-301F-11D3-BF4B-00C04F79EFBC}") = "AlgoRythmMaze.UnitTests", "..\AlgoRythmMaze.UnitTests\AlgoRythmMaze.UnitTests.csproj", "{6742538C-0FB8-4AFC-AA18-38D5DA115A7F}"
EndProject
Project("{FAE04EC0-301F-11D3-BF4B-00C04F79EFBC}") = "AlgoRythmMaze.IntegrationTests", "..\AlgoRythmMaze.IntegrationTests\AlgoRythmMaze.IntegrationTests.csproj", "{39426231-5F07-44AC-8615-0D661F0CAC3E}"
EndProject
Project("{2150E333-8FDC-42A3-9474-1A3956D46DE8}") = "tests", "tests", "{4632C43F-DE20-42E3-A3B2-A4C49BDD64DB}"
EndProject
Project("{2150E333-8FDC-42A3-9474-1A3956D46DE8}") = "src", "src", "{C8C630FA-53EF-4891-AE0F-37F0CBA29ED5}"
EndProject
Global
	GlobalSection(SolutionConfigurationPlatforms) = preSolution
		Debug|Any CPU = Debug|Any CPU
		Release|Any CPU = Release|Any CPU
	EndGlobalSection
	GlobalSection(ProjectConfigurationPlatforms) = postSolution
		{EC771436-BB64-4325-A9F7-F5718941685E}.Debug|Any CPU.ActiveCfg = Debug|Any CPU
		{EC771436-BB64-4325-A9F7-F5718941685E}.Debug|Any CPU.Build.0 = Debug|Any CPU
		{EC771436-BB64-4325-A9F7-F5718941685E}.Release|Any CPU.ActiveCfg = Release|Any CPU
		{EC771436-BB64-4325-A9F7-F5718941685E}.Release|Any CPU.Build.0 = Release|Any CPU
		{ACE61B61-94AC-4634-AE33-52006954A386}.Debug|Any CPU.ActiveCfg = Debug|Any CPU
		{ACE61B61-94AC-4634-AE33-52006954A386}.Debug|Any CPU.Build.0 = Debug|Any CPU
		{ACE61B61-94AC-4634-AE33-52006954A386}.Release|Any CPU.ActiveCfg = Release|Any CPU
		{ACE61B61-94AC-4634-AE33-52006954A386}.Release|Any CPU.Build.0 = Release|Any CPU
		{23A19E71-FEF4-49DF-AF96-3A605532BF59}.Debug|Any CPU.ActiveCfg = Debug|Any CPU
		{23A19E71-FEF4-49DF-AF96-3A605532BF59}.Debug|Any CPU.Build.0 = Debug|Any CPU
		{23A19E71-FEF4-49DF-AF96-3A605532BF59}.Release|Any CPU.ActiveCfg = Release|Any CPU
		{23A19E71-FEF4-49DF-AF96-3A605532BF59}.Release|Any CPU.Build.0 = Release|Any CPU
		{9CB077C9-CF27-4A1A-93AE-96D3744D7D40}.Debug|Any CPU.ActiveCfg = Debug|Any CPU
		{9CB077C9-CF27-4A1A-93AE-96D3744D7D40}.Debug|Any CPU.Build.0 = Debug|Any CPU
		{9CB077C9-CF27-4A1A-93AE-96D3744D7D40}.Release|Any CPU.ActiveCfg = Release|Any CPU
		{9CB077C9-CF27-4A1A-93AE-96D3744D7D40}.Release|Any CPU.Build.0 = Release|Any CPU
		{6742538C-0FB8-4AFC-AA18-38D5DA115A7F}.Debug|Any CPU.ActiveCfg = Debug|Any CPU
		{6742538C-0FB8-4AFC-AA18-38D5DA115A7F}.Debug|Any CPU.Build.0 = Debug|Any CPU
		{6742538C-0FB8-4AFC-AA18-38D5DA115A7F}.Release|Any CPU.ActiveCfg = Release|Any CPU
		{6742538C-0FB8-4AFC-AA18-38D5DA115A7F}.Release|Any CPU.Build.0 = Release|Any CPU
		{39426231-5F07-44AC-8615-0D661F0CAC3E}.Debug|Any CPU.ActiveCfg = Debug|Any CPU
		{39426231-5F07-44AC-8615-0D661F0CAC3E}.Debug|Any CPU.Build.0 = Debug|Any CPU
		{39426231-5F07-44AC-8615-0D661F0CAC3E}.Release|Any CPU.ActiveCfg = Release|Any CPU
		{39426231-5F07-44AC-8615-0D661F0CAC3E}.Release|Any CPU.Build.0 = Release|Any CPU
	EndGlobalSection
	GlobalSection(SolutionProperties) = preSolution
		HideSolutionNode = FALSE
	EndGlobalSection
	GlobalSection(NestedProjects) = preSolution
		{EC771436-BB64-4325-A9F7-F5718941685E} = {C8C630FA-53EF-4891-AE0F-37F0CBA29ED5}
		{ACE61B61-94AC-4634-AE33-52006954A386} = {C8C630FA-53EF-4891-AE0F-37F0CBA29ED5}
		{23A19E71-FEF4-49DF-AF96-3A605532BF59} = {C8C630FA-53EF-4891-AE0F-37F0CBA29ED5}
		{9CB077C9-CF27-4A1A-93AE-96D3744D7D40} = {C8C630FA-53EF-4891-AE0F-37F0CBA29ED5}
		{6742538C-0FB8-4AFC-AA18-38D5DA115A7F} = {4632C43F-DE20-42E3-A3B2-A4C49BDD64DB}
		{39426231-5F07-44AC-8615-0D661F0CAC3E} = {4632C43F-DE20-42E3-A3B2-A4C49BDD64DB}
	EndGlobalSection
	GlobalSection(ExtensibilityGlobals) = postSolution
		SolutionGuid = {EB1ED7B8-385B-4F28-A19C-A5933E2B7DB2}
	EndGlobalSection
EndGlobal
